PODS:
  - Sweeft (0.15.2)

DEPENDENCIES:
  - Sweeft (from `https://github.com/nerdsupremacist/Sweeft.git`)

EXTERNAL SOURCES:
  Sweeft:
    :git: https://github.com/nerdsupremacist/Sweeft.git

CHECKOUT OPTIONS:
  Sweeft:
    :commit: d95af83a7abc27ffab66e076466e91f2a8f2ae49
    :git: https://github.com/nerdsupremacist/Sweeft.git

SPEC CHECKSUMS:
  Sweeft: 89d3d1b18635c862a6284483bae9b235a450f049

PODFILE CHECKSUM: 695436d2b47f43fc545a76a228d9227e9ee636bf

COCOAPODS: 1.4.0
